<?xml version="1.0" encoding="utf-8"?>
<Project ToolsVersion="4.0" xmlns="http://schemas.microsoft.com/developer/msbuild/2003">
  <ItemGroup>
    <Filter Include="Fichiers sources">
      <UniqueIdentifier>{4FC737F1-C7A5-4376-A066-2A32D752A2FF}</UniqueIdentifier>
      <Extensions>cpp;c;cc;cxx;c++;cppm;ixx;def;odl;idl;hpj;bat;asm;asmx</Extensions>
    </Filter>
    <Filter Include="Fichiers d%27en-tête">
      <UniqueIdentifier>{93995380-89BD-4b04-88EB-625FBE52EBFB}</UniqueIdentifier>
      <Extensions>h;hh;hpp;hxx;h++;hm;inl;inc;ipp;xsd</Extensions>
    </Filter>
    <Filter Include="Fichiers de ressources">
      <UniqueIdentifier>{67DA6AB6-F800-4c08-8B7A-83BB121AAD01}</UniqueIdentifier>
      <Extensions>rc;ico;cur;bmp;dlg;rc2;rct;bin;rgs;gif;jpg;jpeg;jpe;resx;tiff;tif;png;wav;mfcribbon-ms</Extensions>
    </Filter>
    <Filter Include="Fichiers sources\Graphics">
      <UniqueIdentifier>{7626e539-7193-474f-a87d-0f5c3d913bf8}</UniqueIdentifier>
    </Filter>
    <Filter Include="Fichiers d%27en-tête\Graphics">
      <UniqueIdentifier>{816ff26b-968b-4715-a40c-5f4777694dfc}</UniqueIdentifier>
    </Filter>
    <Filter Include="Fichiers d%27en-tête\Utility">
      <UniqueIdentifier>{d9fe77c4-caee-48cb-b935-50c44c2be4ec}</UniqueIdentifier>
    </Filter>
    <Filter Include="Fichiers sources\Utility">
      <UniqueIdentifier>{80b0aaa5-226d-4227-a075-61c9eac3f675}</UniqueIdentifier>
    </Filter>
    <Filter Include="Fichiers sources\Engine">
      <UniqueIdentifier>{cef43877-85a7-4276-980c-7c9d14463cf1}</UniqueIdentifier>
    </Filter>
    <Filter Include="Fichiers d%27en-tête\Engine">
      <UniqueIdentifier>{4f22e9fd-ee52-47dc-b430-2034022721cc}</UniqueIdentifier>
    </Filter>
    <Filter Include="Fichiers sources\Audio">
      <UniqueIdentifier>{1aa2e61a-0ac8-4582-b90e-7e0eb8bb3176}</UniqueIdentifier>
    </Filter>
    <Filter Include="Fichiers d%27en-tête\Audio">
      <UniqueIdentifier>{3470ba39-0a27-42b6-82e4-3262f25c7048}</UniqueIdentifier>
    </Filter>
    <Filter Include="Fichiers sources\Testing">
      <UniqueIdentifier>{d17b45d2-20b8-4cd8-bf37-8e57f7459301}</UniqueIdentifier>
    </Filter>
    <Filter Include="Fichiers d%27en-tête\Testing">
      <UniqueIdentifier>{06130900-9186-4e6f-ba45-5a6db808ea32}</UniqueIdentifier>
    </Filter>
    <Filter Include="Fichiers d%27en-tête\AI">
      <UniqueIdentifier>{8ca29fb7-c7f8-4983-8e17-7499309e6d0c}</UniqueIdentifier>
    </Filter>
    <Filter Include="Fichiers sources\AI">
      <UniqueIdentifier>{85129eae-613e-43c4-821d-c18d81379f3c}</UniqueIdentifier>
    </Filter>
    <Filter Include="Fichiers sources\AI\old">
      <UniqueIdentifier>{b74b7d6e-d56c-46bf-a845-45c8559cf1b0}</UniqueIdentifier>
    </Filter>
    <Filter Include="Fichiers d%27en-tête\AI\old">
      <UniqueIdentifier>{952d6eac-f3bc-442e-ba39-8ecbc3cd8d74}</UniqueIdentifier>
    </Filter>
  </ItemGroup>
  <ItemGroup>
    <ClCompile Include="main.cpp">
      <Filter>Fichiers sources</Filter>
    </ClCompile>
    <ClCompile Include="src\graphics\Graphic.cpp">
      <Filter>Fichiers sources\Graphics</Filter>
    </ClCompile>
    <ClCompile Include="src\graphics\Palette.cpp">
      <Filter>Fichiers sources\Graphics</Filter>
    </ClCompile>
    <ClCompile Include="src\utility\Fen.cpp">
      <Filter>Fichiers sources\Utility</Filter>
    </ClCompile>
    <ClCompile Include="src\engine\Board.cpp">
      <Filter>Fichiers sources\Engine</Filter>
    </ClCompile>
    <ClCompile Include="src\engine\Piece.cpp">
      <Filter>Fichiers sources\Engine</Filter>
    </ClCompile>
    <ClCompile Include="src\engine\MoveGenerator.cpp">
      <Filter>Fichiers sources\Engine</Filter>
    </ClCompile>
    <ClCompile Include="src\engine\PreComputedMoveData.cpp">
      <Filter>Fichiers sources\Engine</Filter>
    </ClCompile>
    <ClCompile Include="src\graphics\Coord.cpp">
      <Filter>Fichiers sources\Engine</Filter>
    </ClCompile>
    <ClCompile Include="src\graphics\Geometry.cpp">
      <Filter>Fichiers sources\Graphics</Filter>
    </ClCompile>
    <ClCompile Include="src\engine\Move.cpp">
      <Filter>Fichiers sources\Engine</Filter>
    </ClCompile>
    <ClCompile Include="src\graphics\Timer.cpp">
      <Filter>Fichiers sources\Graphics</Filter>
    </ClCompile>
    <ClCompile Include="src\graphics\Animation.cpp">
      <Filter>Fichiers sources\Graphics</Filter>
    </ClCompile>
    <ClCompile Include="src\audio\Audio.cpp">
      <Filter>Fichiers sources\Audio</Filter>
    </ClCompile>
    <ClCompile Include="src\utility\Profiler.cpp">
      <Filter>Fichiers sources\Utility</Filter>
    </ClCompile>
    <ClCompile Include="src\utility\BoardRepresentation.cpp">
      <Filter>Fichiers sources\Utility</Filter>
    </ClCompile>
    <ClCompile Include="src\engine\PieceList.cpp">
      <Filter>Fichiers sources\Engine</Filter>
    </ClCompile>
    <ClCompile Include="src\utility\DebugUtility.cpp">
      <Filter>Fichiers sources\Utility</Filter>
    </ClCompile>
    <ClCompile Include="src\testing\Perft.cpp">
      <Filter>Fichiers sources\Testing</Filter>
    </ClCompile>
    <ClCompile Include="src\utility\CLI.cpp">
      <Filter>Fichiers sources\Utility</Filter>
    </ClCompile>
    <ClCompile Include="src\ai\Evaluation.cpp">
      <Filter>Fichiers sources\AI</Filter>
    </ClCompile>
    <ClCompile Include="src\ai\Search.cpp">
      <Filter>Fichiers sources\AI</Filter>
    </ClCompile>
    <ClCompile Include="src\ai\old\EvaluationOld.cpp">
      <Filter>Fichiers sources\AI\old</Filter>
    </ClCompile>
    <ClCompile Include="src\ai\old\SearchOld.cpp">
      <Filter>Fichiers sources\AI\old</Filter>
    </ClCompile>
    <ClCompile Include="src\utility\Zobrist.cpp">
      <Filter>Fichiers sources\Utility</Filter>
    </ClCompile>
    <ClCompile Include="src\engine\TranspositionTable.cpp">
      <Filter>Fichiers sources\Engine</Filter>
    </ClCompile>
    <ClCompile Include="src\engine\Game.cpp">
      <Filter>Fichiers sources\Engine</Filter>
    </ClCompile>
  </ItemGroup>
  <ItemGroup>
    <ClInclude Include="src\graphics\Graphic.h">
      <Filter>Fichiers d%27en-tête\Graphics</Filter>
    </ClInclude>
    <ClInclude Include="src\graphics\Palette.h">
      <Filter>Fichiers d%27en-tête\Graphics</Filter>
    </ClInclude>
    <ClInclude Include="src\utility\Fen.h">
      <Filter>Fichiers d%27en-tête\Utility</Filter>
    </ClInclude>
    <ClInclude Include="src\engine\Board.h">
      <Filter>Fichiers d%27en-tête\Engine</Filter>
    </ClInclude>
    <ClInclude Include="src\engine\MoveGenerator.h">
      <Filter>Fichiers d%27en-tête\Engine</Filter>
    </ClInclude>
    <ClInclude Include="src\engine\PreComputedMoveData.h">
      <Filter>Fichiers d%27en-tête\Engine</Filter>
    </ClInclude>
    <ClInclude Include="src\engine\Piece.h">
      <Filter>Fichiers d%27en-tête\Engine</Filter>
    </ClInclude>
    <ClInclude Include="src\graphics\Coord.h">
      <Filter>Fichiers d%27en-tête\Graphics</Filter>
    </ClInclude>
    <ClInclude Include="src\graphics\Geometry.h">
      <Filter>Fichiers d%27en-tête\Graphics</Filter>
    </ClInclude>
    <ClInclude Include="src\engine\Move.h">
      <Filter>Fichiers d%27en-tête\Engine</Filter>
    </ClInclude>
    <ClInclude Include="src\graphics\Timer.h">
      <Filter>Fichiers d%27en-tête\Graphics</Filter>
    </ClInclude>
    <ClInclude Include="src\graphics\Animation.h">
      <Filter>Fichiers d%27en-tête\Graphics</Filter>
    </ClInclude>
    <ClInclude Include="src\audio\Audio.h">
      <Filter>Fichiers d%27en-tête\Audio</Filter>
    </ClInclude>
    <ClInclude Include="src\utility\Profiler.h">
      <Filter>Fichiers d%27en-tête\Utility</Filter>
    </ClInclude>
    <ClInclude Include="src\utility\BoardRepresentation.h">
      <Filter>Fichiers d%27en-tête\Utility</Filter>
    </ClInclude>
    <ClInclude Include="src\engine\PieceList.h">
      <Filter>Fichiers d%27en-tête\Engine</Filter>
    </ClInclude>
    <ClInclude Include="src\utility\DebugUtility.h">
      <Filter>Fichiers d%27en-tête\Utility</Filter>
    </ClInclude>
    <ClInclude Include="src\testing\Perft.h">
      <Filter>Fichiers d%27en-tête\Testing</Filter>
    </ClInclude>
    <ClInclude Include="src\utility\CLI.h">
      <Filter>Fichiers d%27en-tête\Utility</Filter>
    </ClInclude>
    <ClInclude Include="src\ai\Evaluation.h">
      <Filter>Fichiers d%27en-tête\AI</Filter>
    </ClInclude>
    <ClInclude Include="src\ai\Search.h">
      <Filter>Fichiers d%27en-tête\AI</Filter>
    </ClInclude>
    <ClInclude Include="src\ai\old\EvaluationOld.h">
      <Filter>Fichiers d%27en-tête\AI\old</Filter>
    </ClInclude>
    <ClInclude Include="src\ai\old\SearchOld.h">
      <Filter>Fichiers d%27en-tête\AI\old</Filter>
    </ClInclude>
    <ClInclude Include="src\utility\Zobrist.h">
      <Filter>Fichiers d%27en-tête\Utility</Filter>
    </ClInclude>
    <ClInclude Include="src\engine\TranspositionTable.h">
      <Filter>Fichiers d%27en-tête\Engine</Filter>
    </ClInclude>
    <ClInclude Include="src\engine\Game.h">
      <Filter>Fichiers d%27en-tête\Engine</Filter>
    </ClInclude>
  </ItemGroup>
</Project>